// !$*UTF8*$!
{
	archiveVersion = 1;
	classes = {
	};
	objectVersion = 46;
	objects = {

/* Begin PBXBuildFile section */
		6C3961ED1C36DAFA00450245 /* AppDelegate.swift in Sources */ = {isa = PBXBuildFile; fileRef = 6C3961EC1C36DAFA00450245 /* AppDelegate.swift */; };
		6C3961EF1C36DAFA00450245 /* ViewController.swift in Sources */ = {isa = PBXBuildFile; fileRef = 6C3961EE1C36DAFA00450245 /* ViewController.swift */; };
		6C3961F21C36DAFA00450245 /* Main.storyboard in Resources */ = {isa = PBXBuildFile; fileRef = 6C3961F01C36DAFA00450245 /* Main.storyboard */; };
		6C3961F41C36DAFA00450245 /* Images.xcassets in Resources */ = {isa = PBXBuildFile; fileRef = 6C3961F31C36DAFA00450245 /* Images.xcassets */; };
		6C3961F71C36DAFA00450245 /* LaunchScreen.xib in Resources */ = {isa = PBXBuildFile; fileRef = 6C3961F51C36DAFA00450245 /* LaunchScreen.xib */; };
		6C3962031C36DAFA00450245 /* iOSImageSliderTests.swift in Sources */ = {isa = PBXBuildFile; fileRef = 6C3962021C36DAFA00450245 /* iOSImageSliderTests.swift */; };
/* End PBXBuildFile section */

/* Begin PBXContainerItemProxy section */
		6C3961FD1C36DAFA00450245 /* PBXContainerItemProxy */ = {
			isa = PBXContainerItemProxy;
			containerPortal = 6C3961DF1C36DAFA00450245 /* Project object */;
			proxyType = 1;
			remoteGlobalIDString = 6C3961E61C36DAFA00450245;
			remoteInfo = iOSImageSlider;
		};
/* End PBXContainerItemProxy section */

/* Begin PBXFileReference section */
		6C3961E71C36DAFA00450245 /* iOSImageSlider.app */ = {isa = PBXFileReference; explicitFileType = wrapper.application; includeInIndex = 0; path = iOSImageSlider.app; sourceTree = BUILT_PRODUCTS_DIR; };
		6C3961EB1C36DAFA00450245 /* Info.plist */ = {isa = PBXFileReference; lastKnownFileType = text.plist.xml; path = Info.plist; sourceTree = "<group>"; };
		6C3961EC1C36DAFA00450245 /* AppDelegate.swift */ = {isa = PBXFileReference; lastKnownFileType = sourcecode.swift; path = AppDelegate.swift; sourceTree = "<group>"; };
		6C3961EE1C36DAFA00450245 /* ViewController.swift */ = {isa = PBXFileReference; lastKnownFileType = sourcecode.swift; path = ViewController.swift; sourceTree = "<group>"; };
		6C3961F11C36DAFA00450245 /* Base */ = {isa = PBXFileReference; lastKnownFileType = file.storyboard; name = Base; path = Base.lproj/Main.storyboard; sourceTree = "<group>"; };
		6C3961F31C36DAFA00450245 /* Images.xcassets */ = {isa = PBXFileReference; lastKnownFileType = folder.assetcatalog; path = Images.xcassets; sourceTree = "<group>"; };
		6C3961F61C36DAFA00450245 /* Base */ = {isa = PBXFileReference; lastKnownFileType = file.xib; name = Base; path = Base.lproj/LaunchScreen.xib; sourceTree = "<group>"; };
		6C3961FC1C36DAFA00450245 /* iOSImageSliderTests.xctest */ = {isa = PBXFileReference; explicitFileType = wrapper.cfbundle; includeInIndex = 0; path = iOSImageSliderTests.xctest; sourceTree = BUILT_PRODUCTS_DIR; };
		6C3962011C36DAFA00450245 /* Info.plist */ = {isa = PBXFileReference; lastKnownFileType = text.plist.xml; path = Info.plist; sourceTree = "<group>"; };
		6C3962021C36DAFA00450245 /* iOSImageSliderTests.swift */ = {isa = PBXFileReference; lastKnownFileType = sourcecode.swift; path = iOSImageSliderTests.swift; sourceTree = "<group>"; };
/* End PBXFileReference section */

/* Begin PBXFrameworksBuildPhase section */
		6C3961E41C36DAFA00450245 /* Frameworks */ = {
			isa = PBXFrameworksBuildPhase;
			buildActionMask = 2147483647;
			files = (
			);
			runOnlyForDeploymentPostprocessing = 0;
		};
		6C3961F91C36DAFA00450245 /* Frameworks */ = {
			isa = PBXFrameworksBuildPhase;
			buildActionMask = 2147483647;
			files = (
			);
			runOnlyForDeploymentPostprocessing = 0;
		};
/* End PBXFrameworksBuildPhase section */

/* Begin PBXGroup section */
		6C3961DE1C36DAFA00450245 = {
			isa = PBXGroup;
			children = (
				6C3961E91C36DAFA00450245 /* iOSImageSlider */,
				6C3961FF1C36DAFA00450245 /* iOSImageSliderTests */,
				6C3961E81C36DAFA00450245 /* Products */,
			);
			sourceTree = "<group>";
		};
		6C3961E81C36DAFA00450245 /* Products */ = {
			isa = PBXGroup;
			children = (
				6C3961E71C36DAFA00450245 /* iOSImageSlider.app */,
				6C3961FC1C36DAFA00450245 /* iOSImageSliderTests.xctest */,
			);
			name = Products;
			sourceTree = "<group>";
		};
		6C3961E91C36DAFA00450245 /* iOSImageSlider */ = {
			isa = PBXGroup;
			children = (
				6C3961EC1C36DAFA00450245 /* AppDelegate.swift */,
				6C3961EE1C36DAFA00450245 /* ViewController.swift */,
				6C3961F01C36DAFA00450245 /* Main.storyboard */,
				6C3961F31C36DAFA00450245 /* Images.xcassets */,
				6C3961F51C36DAFA00450245 /* LaunchScreen.xib */,
				6C3961EA1C36DAFA00450245 /* Supporting Files */,
			);
			path = iOSImageSlider;
			sourceTree = "<group>";
		};
		6C3961EA1C36DAFA00450245 /* Supporting Files */ = {
			isa = PBXGroup;
			children = (
				6C3961EB1C36DAFA00450245 /* Info.plist */,
			);
			name = "Supporting Files";
			sourceTree = "<group>";
		};
		6C3961FF1C36DAFA00450245 /* iOSImageSliderTests */ = {
			isa = PBXGroup;
			children = (
				6C3962021C36DAFA00450245 /* iOSImageSliderTests.swift */,
				6C3962001C36DAFA00450245 /* Supporting Files */,
			);
			path = iOSImageSliderTests;
			sourceTree = "<group>";
		};
		6C3962001C36DAFA00450245 /* Supporting Files */ = {
			isa = PBXGroup;
			children = (
				6C3962011C36DAFA00450245 /* Info.plist */,
			);
			name = "Supporting Files";
			sourceTree = "<group>";
		};
/* End PBXGroup section */

/* Begin PBXNativeTarget section */
		6C3961E61C36DAFA00450245 /* iOSImageSlider */ = {
			isa = PBXNativeTarget;
			buildConfigurationList = 6C3962061C36DAFA00450245 /* Build configuration list for PBXNativeTarget "iOSImageSlider" */;
			buildPhases = (
				6C3961E31C36DAFA00450245 /* Sources */,
				6C3961E41C36DAFA00450245 /* Frameworks */,
				6C3961E51C36DAFA00450245 /* Resources */,
			);
			buildRules = (
			);
			dependencies = (
			);
			name = iOSImageSlider;
			productName = iOSImageSlider;
			productReference = 6C3961E71C36DAFA00450245 /* iOSImageSlider.app */;
			productType = "com.apple.product-type.application";
		};
		6C3961FB1C36DAFA00450245 /* iOSImageSliderTests */ = {
			isa = PBXNativeTarget;
			buildConfigurationList = 6C3962091C36DAFA00450245 /* Build configuration list for PBXNativeTarget "iOSImageSliderTests" */;
			buildPhases = (
				6C3961F81C36DAFA00450245 /* Sources */,
				6C3961F91C36DAFA00450245 /* Frameworks */,
				6C3961FA1C36DAFA00450245 /* Resources */,
			);
			buildRules = (
			);
			dependencies = (
				6C3961FE1C36DAFA00450245 /* PBXTargetDependency */,
			);
			name = iOSImageSliderTests;
			productName = iOSImageSliderTests;
			productReference = 6C3961FC1C36DAFA00450245 /* iOSImageSliderTests.xctest */;
			productType = "com.apple.product-type.bundle.unit-test";
		};
/* End PBXNativeTarget section */

/* Begin PBXProject section */
		6C3961DF1C36DAFA00450245 /* Project object */ = {
			isa = PBXProject;
			attributes = {
				LastUpgradeCheck = 0640;
				ORGANIZATIONNAME = TreahHunger;
				TargetAttributes = {
					6C3961E61C36DAFA00450245 = {
						CreatedOnToolsVersion = 6.4;
					};
					6C3961FB1C36DAFA00450245 = {
						CreatedOnToolsVersion = 6.4;
						TestTargetID = 6C3961E61C36DAFA00450245;
					};
				};
			};
			buildConfigurationList = 6C3961E21C36DAFA00450245 /* Build configuration list for PBXProject "iOSImageSlider" */;
			compatibilityVersion = "Xcode 3.2";
			developmentRegion = English;
			hasScannedForEncodings = 0;
			knownRegions = (
				en,
				Base,
			);
			mainGroup = 6C3961DE1C36DAFA00450245;
			productRefGroup = 6C3961E81C36DAFA00450245 /* Products */;
			projectDirPath = "";
			projectRoot = "";
			targets = (
				6C3961E61C36DAFA00450245 /* iOSImageSlider */,
				6C3961FB1C36DAFA00450245 /* iOSImageSliderTests */,
			);
		};
/* End PBXProject section */

/* Begin PBXResourcesBuildPhase section */
		6C3961E51C36DAFA00450245 /* Resources */ = {
			isa = PBXResourcesBuildPhase;
			buildActionMask = 2147483647;
			files = (
				6C3961F21C36DAFA00450245 /* Main.storyboard in Resources */,
				6C3961F71C36DAFA00450245 /* LaunchScreen.xib in Resources */,
				6C3961F41C36DAFA00450245 /* Images.xcassets in Resources */,
			);
			runOnlyForDeploymentPostprocessing = 0;
		};
		6C3961FA1C36DAFA00450245 /* Resources */ = {
			isa = PBXResourcesBuildPhase;
			buildActionMask = 2147483647;
			files = (
			);
			runOnlyForDeploymentPostprocessing = 0;
		};
/* End PBXResourcesBuildPhase section */

/* Begin PBXSourcesBuildPhase section */
		6C3961E31C36DAFA00450245 /* Sources */ = {
			isa = PBXSourcesBuildPhase;
			buildActionMask = 2147483647;
			files = (
				6C3961EF1C36DAFA00450245 /* ViewController.swift in Sources */,
				6C3961ED1C36DAFA00450245 /* AppDelegate.swift in Sources */,
			);
			runOnlyForDeploymentPostprocessing = 0;
		};
		6C3961F81C36DAFA00450245 /* Sources */ = {
			isa = PBXSourcesBuildPhase;
			buildActionMask = 2147483647;
			files = (
				6C3962031C36DAFA00450245 /* iOSImageSliderTests.swift in Sources */,
			);
			runOnlyForDeploymentPostprocessing = 0;
		};
/* End PBXSourcesBuildPhase section */

/* Begin PBXTargetDependency section */
		6C3961FE1C36DAFA00450245 /* PBXTargetDependency */ = {
			isa = PBXTargetDependency;
			target = 6C3961E61C36DAFA00450245 /* iOSImageSlider */;
			targetProxy = 6C3961FD1C36DAFA00450245 /* PBXContainerItemProxy */;
		};
/* End PBXTargetDependency section */

/* Begin PBXVariantGroup section */
		6C3961F01C36DAFA00450245 /* Main.storyboard */ = {
			isa = PBXVariantGroup;
			children = (
				6C3961F11C36DAFA00450245 /* Base */,
			);
			name = Main.storyboard;
			sourceTree = "<group>";
		};
		6C3961F51C36DAFA00450245 /* LaunchScreen.xib */ = {
			isa = PBXVariantGroup;
			children = (
				6C3961F61C36DAFA00450245 /* Base */,
			);
			name = LaunchScreen.xib;
			sourceTree = "<group>";
		};
/* End PBXVariantGroup section */

/* Begin XCBuildConfiguration section */
		6C3962041C36DAFA00450245 /* Debug */ = {
			isa = XCBuildConfiguration;
			buildSettings = {
				ALWAYS_SEARCH_USER_PATHS = NO;
				CLANG_CXX_LANGUAGE_STANDARD = "gnu++0x";
				CLANG_CXX_LIBRARY = "libc++";
				CLANG_ENABLE_MODULES = YES;
				CLANG_ENABLE_OBJC_ARC = YES;
				CLANG_WARN_BOOL_CONVERSION = YES;
				CLANG_WARN_CONSTANT_CONVERSION = YES;
				CLANG_WARN_DIRECT_OBJC_ISA_USAGE = YES_ERROR;
				CLANG_WARN_EMPTY_BODY = YES;
				CLANG_WARN_ENUM_CONVERSION = YES;
				CLANG_WARN_INT_CONVERSION = YES;
				CLANG_WARN_OBJC_ROOT_CLASS = YES_ERROR;
				CLANG_WARN_UNREACHABLE_CODE = YES;
				CLANG_WARN__DUPLICATE_METHOD_MATCH = YES;
				"CODE_SIGN_IDENTITY[sdk=iphoneos*]" = "iPhone Developer";
				COPY_PHASE_STRIP = NO;
				DEBUG_INFORMATION_FORMAT = "dwarf-with-dsym";
				ENABLE_STRICT_OBJC_MSGSEND = YES;
				GCC_C_LANGUAGE_STANDARD = gnu99;
				GCC_DYNAMIC_NO_PIC = NO;
				GCC_NO_COMMON_BLOCKS = YES;
				GCC_OPTIMIZATION_LEVEL = 0;
				GCC_PREPROCESSOR_DEFINITIONS = (
					"DEBUG=1",
					"$(inherited)",
				);
				GCC_SYMBOLS_PRIVATE_EXTERN = NO;
				GCC_WARN_64_TO_32_BIT_CONVERSION = YES;
				GCC_WARN_ABOUT_RETURN_TYPE = YES_ERROR;
				GCC_WARN_UNDECLARED_SELECTOR = YES;
				GCC_WARN_UNINITIALIZED_AUTOS = YES_AGGRESSIVE;
				GCC_WARN_UNUSED_FUNCTION = YES;
				GCC_WARN_UNUSED_VARIABLE = YES;
				IPHONEOS_DEPLOYMENT_TARGET = 8.4;
				MTL_ENABLE_DEBUG_INFO = YES;
				ONLY_ACTIVE_ARCH = YES;
				SDKROOT = iphoneos;
				SWIFT_OPTIMIZATION_LEVEL = "-Onone";
				TARGETED_DEVICE_FAMILY = "1,2";
			};
			name = Debug;
		};
		6C3962051C36DAFA00450245 /* Release */ = {
			isa = XCBuildConfiguration;
			buildSettings = {
				ALWAYS_SEARCH_USER_PATHS = NO;
				CLANG_CXX_LANGUAGE_STANDARD = "gnu++0x";
				CLANG_CXX_LIBRARY = "libc++";
				CLANG_ENABLE_MODULES = YES;
				CLANG_ENABLE_OBJC_ARC = YES;
				CLANG_WARN_BOOL_CONVERSION = YES;
				CLANG_WARN_CONSTANT_CONVERSION = YES;
				CLANG_WARN_DIRECT_OBJC_ISA_USAGE = YES_ERROR;
				CLANG_WARN_EMPTY_BODY = YES;
				CLANG_WARN_ENUM_CONVERSION = YES;
				CLANG_WARN_INT_CONVERSION = YES;
				CLANG_WARN_OBJC_ROOT_CLASS = YES_ERROR;
				CLANG_WARN_UNREACHABLE_CODE = YES;
				CLANG_WARN__DUPLICATE_METHOD_MATCH = YES;
				"CODE_SIGN_IDENTITY[sdk=iphoneos*]" = "iPhone Developer";
				COPY_PHASE_STRIP = NO;
				DEBUG_INFORMATION_FORMAT = "dwarf-with-dsym";
				ENABLE_NS_ASSERTIONS = NO;
				ENABLE_STRICT_OBJC_MSGSEND = YES;
				GCC_C_LANGUAGE_STANDARD = gnu99;
				GCC_NO_COMMON_BLOCKS = YES;
				GCC_WARN_64_TO_32_BIT_CONVERSION = YES;
				GCC_WARN_ABOUT_RETURN_TYPE = YES_ERROR;
				GCC_WARN_UNDECLARED_SELECTOR = YES;
				GCC_WARN_UNINITIALIZED_AUTOS = YES_AGGRESSIVE;
				GCC_WARN_UNUSED_FUNCTION = YES;
				GCC_WARN_UNUSED_VARIABLE = YES;
				IPHONEOS_DEPLOYMENT_TARGET = 8.4;
				MTL_ENABLE_DEBUG_INFO = NO;
				SDKROOT = iphoneos;
				TARGETED_DEVICE_FAMILY = "1,2";
				VALIDATE_PRODUCT = YES;
			};
			name = Release;
		};
		6C3962071C36DAFA00450245 /* Debug */ = {
			isa = XCBuildConfiguration;
			buildSettings = {
				ASSETCATALOG_COMPILER_APPICON_NAME = AppIcon;
				INFOPLIST_FILE = iOSImageSlider/Info.plist;
				LD_RUNPATH_SEARCH_PATHS = "$(inherited) @executable_path/Frameworks";
				PRODUCT_NAME = "$(TARGET_NAME)";
			};
			name = Debug;
		};
		6C3962081C36DAFA00450245 /* Release */ = {
			isa = XCBuildConfiguration;
			buildSettings = {
				ASSETCATALOG_COMPILER_APPICON_NAME = AppIcon;
				INFOPLIST_FILE = iOSImageSlider/Info.plist;
				LD_RUNPATH_SEARCH_PATHS = "$(inherited) @executable_path/Frameworks";
				PRODUCT_NAME = "$(TARGET_NAME)";
			};
			name = Release;
		};
		6C39620A1C36DAFA00450245 /* Debug */ = {
			isa = XCBuildConfiguration;
			buildSettings = {
				BUNDLE_LOADER = "$(TEST_HOST)";
				FRAMEWORK_SEARCH_PATHS = (
					"$(SDKROOT)/Developer/Library/Frameworks",
					"$(inherited)",
				);
				GCC_PREPROCESSOR_DEFINITIONS = (
					"DEBUG=1",
					"$(inherited)",
				);
				INFOPLIST_FILE = iOSImageSliderTests/Info.plist;
				LD_RUNPATH_SEARCH_PATHS = "$(inherited) @executable_path/Frameworks @loader_path/Frameworks";
				PRODUCT_NAME = "$(TARGET_NAME)";
				TEST_HOST = "$(BUILT_PRODUCTS_DIR)/iOSImageSlider.app/iOSImageSlider";
			};
			name = Debug;
		};
		6C39620B1C36DAFA00450245 /* Release */ = {
			isa = XCBuildConfiguration;
			buildSettings = {
				BUNDLE_LOADER = "$(TEST_HOST)";
				FRAMEWORK_SEARCH_PATHS = (
					"$(SDKROOT)/Developer/Library/Frameworks",
					"$(inherited)",
				);
				INFOPLIST_FILE = iOSImageSliderTests/Info.plist;
				LD_RUNPATH_SEARCH_PATHS = "$(inherited) @executable_path/Frameworks @loader_path/Frameworks";
				PRODUCT_NAME = "$(TARGET_NAME)";
				TEST_HOST = "$(BUILT_PRODUCTS_DIR)/iOSImageSlider.app/iOSImageSlider";
			};
			name = Release;
		};
/* End XCBuildConfiguration section */

/* Begin XCConfigurationList section */
		6C3961E21C36DAFA00450245 /* Build configuration list for PBXProject "iOSImageSlider" */ = {
			isa = XCConfigurationList;
			buildConfigurations = (
				6C3962041C36DAFA00450245 /* Debug */,
				6C3962051C36DAFA00450245 /* Release */,
			);
			defaultConfigurationIsVisible = 0;
			defaultConfigurationName = Release;
		};
		6C3962061C36DAFA00450245 /* Build configuration list for PBXNativeTarget "iOSImageSlider" */ = {
			isa = XCConfigurationList;
			buildConfigurations = (
				6C3962071C36DAFA00450245 /* Debug */,
				6C3962081C36DAFA00450245 /* Release */,
			);
			defaultConfigurationIsVisible = 0;
		};
		6C3962091C36DAFA00450245 /* Build configuration list for PBXNativeTarget "iOSImageSliderTests" */ = {
			isa = XCConfigurationList;
			buildConfigurations = (
				6C39620A1C36DAFA00450245 /* Debug */,
				6C39620B1C36DAFA00450245 /* Release */,
			);
			defaultConfigurationIsVisible = 0;
		};
/* End XCConfigurationList section */
	};
	rootObject = 6C3961DF1C36DAFA00450245 /* Project object */;
}
